github.com/mfcochauxlaberge/tchek v0.3.0 h1:SFmqbnfjxMbP7yV/FuHioIwYI9tmDtmO9Jd5smGu0KQ=
github.com/mfcochauxlaberge/tchek v0.3.0/go.mod h1:e8jX6VID1Ku1XAZq8lkxRuGfSKIFL9sL7w4E3WDkx7o=
github.com/myesui/uuid v1.0.0 h1:xCBmH4l5KuvLYc5L7AS7SZg9/jKdIFubM7OVoLqaQUI=
github.com/myesui/uuid v1.0.0/go.mod h1:2CDfNgU0LR8mIdO8vdWd8i9gWWxLlcoIGGpSNgafq84=
