github.com/google/uuid v1.1.1 h1:Gkbcsh/GbpXz7lPftLA3P6TYMwjCLYm83jiFQZF/3gY=
github.com/google/uuid v1.1.1/go.mod h1:TIyPZe4MgqvfeYDBFedMoGGpEw/LqOeaOT+nhxU+yHo=
github.com/mfcochauxlaberge/tchek v0.3.0 h1:SFmqbnfjxMbP7yV/FuHioIwYI9tmDtmO9Jd5smGu0KQ=
github.com/mfcochauxlaberge/tchek v0.3.0/go.mod h1:e8jX6VID1Ku1XAZq8lkxRuGfSKIFL9sL7w4E3WDkx7o=
